// !$*UTF8*$!
{
	archiveVersion = 1;
	classes = {
	};
	objectVersion = 46;
	objects = {

/* Begin PBXBuildFile section */
		14284305DBDD600064466832 /* libPods-Facts.a in Frameworks */ = {isa = PBXBuildFile; fileRef = 47C10EE26A17F96B1D2890D3 /* libPods-Facts.a */; };
		5CF547F01ECAD1C500A9FC1F /* main.m in Sources */ = {isa = PBXBuildFile; fileRef = 5CF547EF1ECAD1C500A9FC1F /* main.m */; };
		5CF547F31ECAD1C500A9FC1F /* AppDelegate.m in Sources */ = {isa = PBXBuildFile; fileRef = 5CF547F21ECAD1C500A9FC1F /* AppDelegate.m */; };
		5CF547FB1ECAD1C500A9FC1F /* Assets.xcassets in Resources */ = {isa = PBXBuildFile; fileRef = 5CF547FA1ECAD1C500A9FC1F /* Assets.xcassets */; };
		5CF548091ECAD1C500A9FC1F /* FactsTests.m in Sources */ = {isa = PBXBuildFile; fileRef = 5CF548081ECAD1C500A9FC1F /* FactsTests.m */; };
		5CF5481A1ECAD53400A9FC1F /* Constants.m in Sources */ = {isa = PBXBuildFile; fileRef = 5CF548191ECAD53400A9FC1F /* Constants.m */; };
		5CF5481D1ECAD56600A9FC1F /* FactsViewController.m in Sources */ = {isa = PBXBuildFile; fileRef = 5CF5481C1ECAD56600A9FC1F /* FactsViewController.m */; };
		5CF548231ECAD5EE00A9FC1F /* Fact.m in Sources */ = {isa = PBXBuildFile; fileRef = 5CF548221ECAD5EE00A9FC1F /* Fact.m */; };
		5CF548261ECAE00200A9FC1F /* FactsManager.m in Sources */ = {isa = PBXBuildFile; fileRef = 5CF548251ECAE00200A9FC1F /* FactsManager.m */; };
		91E73AEE1AE35CF4CE2E3718 /* libPods-FactsTests.a in Frameworks */ = {isa = PBXBuildFile; fileRef = 2B9A9F33605F7E72E177419C /* libPods-FactsTests.a */; };
/* End PBXBuildFile section */

/* Begin PBXContainerItemProxy section */
		5CF548051ECAD1C500A9FC1F /* PBXContainerItemProxy */ = {
			isa = PBXContainerItemProxy;
			containerPortal = 5CF547E31ECAD1C500A9FC1F /* Project object */;
			proxyType = 1;
			remoteGlobalIDString = 5CF547EA1ECAD1C500A9FC1F;
			remoteInfo = Facts;
		};
/* End PBXContainerItemProxy section */

/* Begin PBXFileReference section */
		11C3EF667D3B96D7855A084E /* Pods-Facts.debug.xcconfig */ = {isa = PBXFileReference; includeInIndex = 1; lastKnownFileType = text.xcconfig; name = "Pods-Facts.debug.xcconfig"; path = "Pods/Target Support Files/Pods-Facts/Pods-Facts.debug.xcconfig"; sourceTree = "<group>"; };
		1305EF66438B4332CEE691AC /* Pods-FactsTests.debug.xcconfig */ = {isa = PBXFileReference; includeInIndex = 1; lastKnownFileType = text.xcconfig; name = "Pods-FactsTests.debug.xcconfig"; path = "Pods/Target Support Files/Pods-FactsTests/Pods-FactsTests.debug.xcconfig"; sourceTree = "<group>"; };
		2B9A9F33605F7E72E177419C /* libPods-FactsTests.a */ = {isa = PBXFileReference; explicitFileType = archive.ar; includeInIndex = 0; path = "libPods-FactsTests.a"; sourceTree = BUILT_PRODUCTS_DIR; };
		47C10EE26A17F96B1D2890D3 /* libPods-Facts.a */ = {isa = PBXFileReference; explicitFileType = archive.ar; includeInIndex = 0; path = "libPods-Facts.a"; sourceTree = BUILT_PRODUCTS_DIR; };
		5BC8D69C76393AD88E7C668D /* Pods-FactsTests.release.xcconfig */ = {isa = PBXFileReference; includeInIndex = 1; lastKnownFileType = text.xcconfig; name = "Pods-FactsTests.release.xcconfig"; path = "Pods/Target Support Files/Pods-FactsTests/Pods-FactsTests.release.xcconfig"; sourceTree = "<group>"; };
		5CF547EB1ECAD1C500A9FC1F /* Facts.app */ = {isa = PBXFileReference; explicitFileType = wrapper.application; includeInIndex = 0; path = Facts.app; sourceTree = BUILT_PRODUCTS_DIR; };
		5CF547EF1ECAD1C500A9FC1F /* main.m */ = {isa = PBXFileReference; lastKnownFileType = sourcecode.c.objc; path = main.m; sourceTree = "<group>"; };
		5CF547F11ECAD1C500A9FC1F /* AppDelegate.h */ = {isa = PBXFileReference; lastKnownFileType = sourcecode.c.h; path = AppDelegate.h; sourceTree = "<group>"; };
		5CF547F21ECAD1C500A9FC1F /* AppDelegate.m */ = {isa = PBXFileReference; lastKnownFileType = sourcecode.c.objc; path = AppDelegate.m; sourceTree = "<group>"; };
		5CF547FA1ECAD1C500A9FC1F /* Assets.xcassets */ = {isa = PBXFileReference; lastKnownFileType = folder.assetcatalog; path = Assets.xcassets; sourceTree = "<group>"; };
		5CF547FF1ECAD1C500A9FC1F /* Info.plist */ = {isa = PBXFileReference; lastKnownFileType = text.plist.xml; path = Info.plist; sourceTree = "<group>"; };
		5CF548041ECAD1C500A9FC1F /* FactsTests.xctest */ = {isa = PBXFileReference; explicitFileType = wrapper.cfbundle; includeInIndex = 0; path = FactsTests.xctest; sourceTree = BUILT_PRODUCTS_DIR; };
		5CF548081ECAD1C500A9FC1F /* FactsTests.m */ = {isa = PBXFileReference; lastKnownFileType = sourcecode.c.objc; path = FactsTests.m; sourceTree = "<group>"; };
		5CF5480A1ECAD1C500A9FC1F /* Info.plist */ = {isa = PBXFileReference; lastKnownFileType = text.plist.xml; path = Info.plist; sourceTree = "<group>"; };
		5CF548181ECAD53400A9FC1F /* Constants.h */ = {isa = PBXFileReference; fileEncoding = 4; lastKnownFileType = sourcecode.c.h; path = Constants.h; sourceTree = "<group>"; };
		5CF548191ECAD53400A9FC1F /* Constants.m */ = {isa = PBXFileReference; fileEncoding = 4; lastKnownFileType = sourcecode.c.objc; path = Constants.m; sourceTree = "<group>"; };
		5CF5481B1ECAD56600A9FC1F /* FactsViewController.h */ = {isa = PBXFileReference; fileEncoding = 4; lastKnownFileType = sourcecode.c.h; path = FactsViewController.h; sourceTree = "<group>"; };
		5CF5481C1ECAD56600A9FC1F /* FactsViewController.m */ = {isa = PBXFileReference; fileEncoding = 4; lastKnownFileType = sourcecode.c.objc; path = FactsViewController.m; sourceTree = "<group>"; };
		5CF548211ECAD5EE00A9FC1F /* Fact.h */ = {isa = PBXFileReference; fileEncoding = 4; lastKnownFileType = sourcecode.c.h; path = Fact.h; sourceTree = "<group>"; };
		5CF548221ECAD5EE00A9FC1F /* Fact.m */ = {isa = PBXFileReference; fileEncoding = 4; lastKnownFileType = sourcecode.c.objc; path = Fact.m; sourceTree = "<group>"; };
		5CF548241ECAE00200A9FC1F /* FactsManager.h */ = {isa = PBXFileReference; fileEncoding = 4; lastKnownFileType = sourcecode.c.h; path = FactsManager.h; sourceTree = "<group>"; };
		5CF548251ECAE00200A9FC1F /* FactsManager.m */ = {isa = PBXFileReference; fileEncoding = 4; lastKnownFileType = sourcecode.c.objc; path = FactsManager.m; sourceTree = "<group>"; };
		9DFB4B1E2AA9C8C357D1B434 /* Pods-Facts.release.xcconfig */ = {isa = PBXFileReference; includeInIndex = 1; lastKnownFileType = text.xcconfig; name = "Pods-Facts.release.xcconfig"; path = "Pods/Target Support Files/Pods-Facts/Pods-Facts.release.xcconfig"; sourceTree = "<group>"; };
/* End PBXFileReference section */

/* Begin PBXFrameworksBuildPhase section */
		5CF547E81ECAD1C500A9FC1F /* Frameworks */ = {
			isa = PBXFrameworksBuildPhase;
			buildActionMask = 2147483647;
			files = (
				14284305DBDD600064466832 /* libPods-Facts.a in Frameworks */,
			);
			runOnlyForDeploymentPostprocessing = 0;
		};
		5CF548011ECAD1C500A9FC1F /* Frameworks */ = {
			isa = PBXFrameworksBuildPhase;
			buildActionMask = 2147483647;
			files = (
				91E73AEE1AE35CF4CE2E3718 /* libPods-FactsTests.a in Frameworks */,
			);
			runOnlyForDeploymentPostprocessing = 0;
		};
/* End PBXFrameworksBuildPhase section */

/* Begin PBXGroup section */
		2C7E1C6D5E58A022CD066DCF /* Frameworks */ = {
			isa = PBXGroup;
			children = (
				47C10EE26A17F96B1D2890D3 /* libPods-Facts.a */,
				2B9A9F33605F7E72E177419C /* libPods-FactsTests.a */,
			);
			name = Frameworks;
			sourceTree = "<group>";
		};
		5CF547E21ECAD1C500A9FC1F = {
			isa = PBXGroup;
			children = (
				5CF547ED1ECAD1C500A9FC1F /* Facts */,
				5CF548071ECAD1C500A9FC1F /* FactsTests */,
				5CF547EC1ECAD1C500A9FC1F /* Products */,
				A97F55AB9776402B9889024D /* Pods */,
				2C7E1C6D5E58A022CD066DCF /* Frameworks */,
			);
			sourceTree = "<group>";
		};
		5CF547EC1ECAD1C500A9FC1F /* Products */ = {
			isa = PBXGroup;
			children = (
				5CF547EB1ECAD1C500A9FC1F /* Facts.app */,
				5CF548041ECAD1C500A9FC1F /* FactsTests.xctest */,
			);
			name = Products;
			sourceTree = "<group>";
		};
		5CF547ED1ECAD1C500A9FC1F /* Facts */ = {
			isa = PBXGroup;
			children = (
				5CF548131ECAD51500A9FC1F /* View */,
				5CF548141ECAD51500A9FC1F /* Model */,
				5CF548151ECAD51500A9FC1F /* Helper */,
				5CF548161ECAD51500A9FC1F /* Controller */,
				5CF548171ECAD51500A9FC1F /* Common */,
				5CF547F11ECAD1C500A9FC1F /* AppDelegate.h */,
				5CF547F21ECAD1C500A9FC1F /* AppDelegate.m */,
				5CF547FA1ECAD1C500A9FC1F /* Assets.xcassets */,
				5CF547FF1ECAD1C500A9FC1F /* Info.plist */,
				5CF547EE1ECAD1C500A9FC1F /* Supporting Files */,
			);
			path = Facts;
			sourceTree = "<group>";
		};
		5CF547EE1ECAD1C500A9FC1F /* Supporting Files */ = {
			isa = PBXGroup;
			children = (
				5CF547EF1ECAD1C500A9FC1F /* main.m */,
			);
			name = "Supporting Files";
			sourceTree = "<group>";
		};
		5CF548071ECAD1C500A9FC1F /* FactsTests */ = {
			isa = PBXGroup;
			children = (
				5CF548081ECAD1C500A9FC1F /* FactsTests.m */,
				5CF5480A1ECAD1C500A9FC1F /* Info.plist */,
			);
			path = FactsTests;
			sourceTree = "<group>";
		};
		5CF548131ECAD51500A9FC1F /* View */ = {
			isa = PBXGroup;
			children = (
			);
			path = View;
			sourceTree = "<group>";
		};
		5CF548141ECAD51500A9FC1F /* Model */ = {
			isa = PBXGroup;
			children = (
				5CF548211ECAD5EE00A9FC1F /* Fact.h */,
				5CF548221ECAD5EE00A9FC1F /* Fact.m */,
			);
			path = Model;
			sourceTree = "<group>";
		};
		5CF548151ECAD51500A9FC1F /* Helper */ = {
			isa = PBXGroup;
			children = (
				5CF548241ECAE00200A9FC1F /* FactsManager.h */,
				5CF548251ECAE00200A9FC1F /* FactsManager.m */,
			);
			path = Helper;
			sourceTree = "<group>";
		};
		5CF548161ECAD51500A9FC1F /* Controller */ = {
			isa = PBXGroup;
			children = (
				5CF5481B1ECAD56600A9FC1F /* FactsViewController.h */,
				5CF5481C1ECAD56600A9FC1F /* FactsViewController.m */,
			);
			path = Controller;
			sourceTree = "<group>";
		};
		5CF548171ECAD51500A9FC1F /* Common */ = {
			isa = PBXGroup;
			children = (
				5CF548181ECAD53400A9FC1F /* Constants.h */,
				5CF548191ECAD53400A9FC1F /* Constants.m */,
			);
			path = Common;
			sourceTree = "<group>";
		};
		A97F55AB9776402B9889024D /* Pods */ = {
			isa = PBXGroup;
			children = (
				11C3EF667D3B96D7855A084E /* Pods-Facts.debug.xcconfig */,
				9DFB4B1E2AA9C8C357D1B434 /* Pods-Facts.release.xcconfig */,
				1305EF66438B4332CEE691AC /* Pods-FactsTests.debug.xcconfig */,
				5BC8D69C76393AD88E7C668D /* Pods-FactsTests.release.xcconfig */,
			);
			name = Pods;
			sourceTree = "<group>";
		};
/* End PBXGroup section */

/* Begin PBXNativeTarget section */
		5CF547EA1ECAD1C500A9FC1F /* Facts */ = {
			isa = PBXNativeTarget;
			buildConfigurationList = 5CF5480D1ECAD1C500A9FC1F /* Build configuration list for PBXNativeTarget "Facts" */;
			buildPhases = (
				5538D4B59153BE16B65DE319 /* [CP] Check Pods Manifest.lock */,
				5CF547E71ECAD1C500A9FC1F /* Sources */,
				5CF547E81ECAD1C500A9FC1F /* Frameworks */,
				5CF547E91ECAD1C500A9FC1F /* Resources */,
				FB16597B3D4C520F44D9FD3A /* [CP] Embed Pods Frameworks */,
				C46CA665B574816E9DFFDFEE /* [CP] Copy Pods Resources */,
			);
			buildRules = (
			);
			dependencies = (
			);
			name = Facts;
			productName = Facts;
			productReference = 5CF547EB1ECAD1C500A9FC1F /* Facts.app */;
			productType = "com.apple.product-type.application";
		};
		5CF548031ECAD1C500A9FC1F /* FactsTests */ = {
			isa = PBXNativeTarget;
			buildConfigurationList = 5CF548101ECAD1C500A9FC1F /* Build configuration list for PBXNativeTarget "FactsTests" */;
			buildPhases = (
				0F02954F73DE04BBCF087D49 /* [CP] Check Pods Manifest.lock */,
				5CF548001ECAD1C500A9FC1F /* Sources */,
				5CF548011ECAD1C500A9FC1F /* Frameworks */,
				5CF548021ECAD1C500A9FC1F /* Resources */,
				C81CA9436D17D79E45EAD9DB /* [CP] Embed Pods Frameworks */,
				A3D3BC5521DE828653365903 /* [CP] Copy Pods Resources */,
			);
			buildRules = (
			);
			dependencies = (
				5CF548061ECAD1C500A9FC1F /* PBXTargetDependency */,
			);
			name = FactsTests;
			productName = FactsTests;
			productReference = 5CF548041ECAD1C500A9FC1F /* FactsTests.xctest */;
			productType = "com.apple.product-type.bundle.unit-test";
		};
/* End PBXNativeTarget section */

/* Begin PBXProject section */
		5CF547E31ECAD1C500A9FC1F /* Project object */ = {
			isa = PBXProject;
			attributes = {
				LastUpgradeCheck = 0830;
				ORGANIZATIONNAME = Infosys;
				TargetAttributes = {
					5CF547EA1ECAD1C500A9FC1F = {
						CreatedOnToolsVersion = 8.3.1;
						DevelopmentTeam = H87G9N468S;
						ProvisioningStyle = Automatic;
					};
					5CF548031ECAD1C500A9FC1F = {
						CreatedOnToolsVersion = 8.3.1;
						DevelopmentTeam = H87G9N468S;
						ProvisioningStyle = Automatic;
						TestTargetID = 5CF547EA1ECAD1C500A9FC1F;
					};
				};
			};
			buildConfigurationList = 5CF547E61ECAD1C500A9FC1F /* Build configuration list for PBXProject "Facts" */;
			compatibilityVersion = "Xcode 3.2";
			developmentRegion = English;
			hasScannedForEncodings = 0;
			knownRegions = (
				en,
				Base,
			);
			mainGroup = 5CF547E21ECAD1C500A9FC1F;
			productRefGroup = 5CF547EC1ECAD1C500A9FC1F /* Products */;
			projectDirPath = "";
			projectRoot = "";
			targets = (
				5CF547EA1ECAD1C500A9FC1F /* Facts */,
				5CF548031ECAD1C500A9FC1F /* FactsTests */,
			);
		};
/* End PBXProject section */

/* Begin PBXResourcesBuildPhase section */
		5CF547E91ECAD1C500A9FC1F /* Resources */ = {
			isa = PBXResourcesBuildPhase;
			buildActionMask = 2147483647;
			files = (
				5CF547FB1ECAD1C500A9FC1F /* Assets.xcassets in Resources */,
			);
			runOnlyForDeploymentPostprocessing = 0;
		};
		5CF548021ECAD1C500A9FC1F /* Resources */ = {
			isa = PBXResourcesBuildPhase;
			buildActionMask = 2147483647;
			files = (
			);
			runOnlyForDeploymentPostprocessing = 0;
		};
/* End PBXResourcesBuildPhase section */

/* Begin PBXShellScriptBuildPhase section */
		0F02954F73DE04BBCF087D49 /* [CP] Check Pods Manifest.lock */ = {
			isa = PBXShellScriptBuildPhase;
			buildActionMask = 2147483647;
			files = (
			);
			inputPaths = (
			);
			name = "[CP] Check Pods Manifest.lock";
			outputPaths = (
			);
			runOnlyForDeploymentPostprocessing = 0;
			shellPath = /bin/sh;
			shellScript = "diff \"${PODS_ROOT}/../Podfile.lock\" \"${PODS_ROOT}/Manifest.lock\" > /dev/null\nif [ $? != 0 ] ; then\n    # print error to STDERR\n    echo \"error: The sandbox is not in sync with the Podfile.lock. Run 'pod install' or update your CocoaPods installation.\" >&2\n    exit 1\nfi\n";
			showEnvVarsInLog = 0;
		};
		5538D4B59153BE16B65DE319 /* [CP] Check Pods Manifest.lock */ = {
			isa = PBXShellScriptBuildPhase;
			buildActionMask = 2147483647;
			files = (
			);
			inputPaths = (
			);
			name = "[CP] Check Pods Manifest.lock";
			outputPaths = (
			);
			runOnlyForDeploymentPostprocessing = 0;
			shellPath = /bin/sh;
			shellScript = "diff \"${PODS_ROOT}/../Podfile.lock\" \"${PODS_ROOT}/Manifest.lock\" > /dev/null\nif [ $? != 0 ] ; then\n    # print error to STDERR\n    echo \"error: The sandbox is not in sync with the Podfile.lock. Run 'pod install' or update your CocoaPods installation.\" >&2\n    exit 1\nfi\n";
			showEnvVarsInLog = 0;
		};
		A3D3BC5521DE828653365903 /* [CP] Copy Pods Resources */ = {
			isa = PBXShellScriptBuildPhase;
			buildActionMask = 2147483647;
			files = (
			);
			inputPaths = (
			);
			name = "[CP] Copy Pods Resources";
			outputPaths = (
			);
			runOnlyForDeploymentPostprocessing = 0;
			shellPath = /bin/sh;
			shellScript = "\"${SRCROOT}/Pods/Target Support Files/Pods-FactsTests/Pods-FactsTests-resources.sh\"\n";
			showEnvVarsInLog = 0;
		};
		C46CA665B574816E9DFFDFEE /* [CP] Copy Pods Resources */ = {
			isa = PBXShellScriptBuildPhase;
			buildActionMask = 2147483647;
			files = (
			);
			inputPaths = (
			);
			name = "[CP] Copy Pods Resources";
			outputPaths = (
			);
			runOnlyForDeploymentPostprocessing = 0;
			shellPath = /bin/sh;
			shellScript = "\"${SRCROOT}/Pods/Target Support Files/Pods-Facts/Pods-Facts-resources.sh\"\n";
			showEnvVarsInLog = 0;
		};
		C81CA9436D17D79E45EAD9DB /* [CP] Embed Pods Frameworks */ = {
			isa = PBXShellScriptBuildPhase;
			buildActionMask = 2147483647;
			files = (
			);
			inputPaths = (
			);
			name = "[CP] Embed Pods Frameworks";
			outputPaths = (
			);
			runOnlyForDeploymentPostprocessing = 0;
			shellPath = /bin/sh;
			shellScript = "\"${SRCROOT}/Pods/Target Support Files/Pods-FactsTests/Pods-FactsTests-frameworks.sh\"\n";
			showEnvVarsInLog = 0;
		};
		FB16597B3D4C520F44D9FD3A /* [CP] Embed Pods Frameworks */ = {
			isa = PBXShellScriptBuildPhase;
			buildActionMask = 2147483647;
			files = (
			);
			inputPaths = (
			);
			name = "[CP] Embed Pods Frameworks";
			outputPaths = (
			);
			runOnlyForDeploymentPostprocessing = 0;
			shellPath = /bin/sh;
			shellScript = "\"${SRCROOT}/Pods/Target Support Files/Pods-Facts/Pods-Facts-frameworks.sh\"\n";
			showEnvVarsInLog = 0;
		};
/* End PBXShellScriptBuildPhase section */

/* Begin PBXSourcesBuildPhase section */
		5CF547E71ECAD1C500A9FC1F /* Sources */ = {
			isa = PBXSourcesBuildPhase;
			buildActionMask = 2147483647;
			files = (
				5CF548231ECAD5EE00A9FC1F /* Fact.m in Sources */,
				5CF5481D1ECAD56600A9FC1F /* FactsViewController.m in Sources */,
				5CF547F31ECAD1C500A9FC1F /* AppDelegate.m in Sources */,
				5CF547F01ECAD1C500A9FC1F /* main.m in Sources */,
				5CF5481A1ECAD53400A9FC1F /* Constants.m in Sources */,
				5CF548261ECAE00200A9FC1F /* FactsManager.m in Sources */,
			);
			runOnlyForDeploymentPostprocessing = 0;
		};
		5CF548001ECAD1C500A9FC1F /* Sources */ = {
			isa = PBXSourcesBuildPhase;
			buildActionMask = 2147483647;
			files = (
				5CF548091ECAD1C500A9FC1F /* FactsTests.m in Sources */,
			);
			runOnlyForDeploymentPostprocessing = 0;
		};
/* End PBXSourcesBuildPhase section */

/* Begin PBXTargetDependency section */
		5CF548061ECAD1C500A9FC1F /* PBXTargetDependency */ = {
			isa = PBXTargetDependency;
			target = 5CF547EA1ECAD1C500A9FC1F /* Facts */;
			targetProxy = 5CF548051ECAD1C500A9FC1F /* PBXContainerItemProxy */;
		};
/* End PBXTargetDependency section */

/* Begin XCBuildConfiguration section */
		5CF5480B1ECAD1C500A9FC1F /* Debug */ = {
			isa = XCBuildConfiguration;
			buildSettings = {
				ALWAYS_SEARCH_USER_PATHS = NO;
				CLANG_ANALYZER_NONNULL = YES;
				CLANG_ANALYZER_NUMBER_OBJECT_CONVERSION = YES_AGGRESSIVE;
				CLANG_CXX_LANGUAGE_STANDARD = "gnu++0x";
				CLANG_CXX_LIBRARY = "libc++";
				CLANG_ENABLE_MODULES = YES;
				CLANG_ENABLE_OBJC_ARC = YES;
				CLANG_WARN_BOOL_CONVERSION = YES;
				CLANG_WARN_CONSTANT_CONVERSION = YES;
				CLANG_WARN_DIRECT_OBJC_ISA_USAGE = YES_ERROR;
				CLANG_WARN_DOCUMENTATION_COMMENTS = YES;
				CLANG_WARN_EMPTY_BODY = YES;
				CLANG_WARN_ENUM_CONVERSION = YES;
				CLANG_WARN_INFINITE_RECURSION = YES;
				CLANG_WARN_INT_CONVERSION = YES;
				CLANG_WARN_OBJC_ROOT_CLASS = YES_ERROR;
				CLANG_WARN_SUSPICIOUS_MOVE = YES;
				CLANG_WARN_UNREACHABLE_CODE = YES;
				CLANG_WARN__DUPLICATE_METHOD_MATCH = YES;
				"CODE_SIGN_IDENTITY[sdk=iphoneos*]" = "iPhone Developer";
				COPY_PHASE_STRIP = NO;
				DEBUG_INFORMATION_FORMAT = dwarf;
				ENABLE_STRICT_OBJC_MSGSEND = YES;
				ENABLE_TESTABILITY = YES;
				GCC_C_LANGUAGE_STANDARD = gnu99;
				GCC_DYNAMIC_NO_PIC = NO;
				GCC_NO_COMMON_BLOCKS = YES;
				GCC_OPTIMIZATION_LEVEL = 0;
				GCC_PREPROCESSOR_DEFINITIONS = (
					"DEBUG=1",
					"$(inherited)",
				);
				GCC_WARN_64_TO_32_BIT_CONVERSION = YES;
				GCC_WARN_ABOUT_RETURN_TYPE = YES_ERROR;
				GCC_WARN_UNDECLARED_SELECTOR = YES;
				GCC_WARN_UNINITIALIZED_AUTOS = YES_AGGRESSIVE;
				GCC_WARN_UNUSED_FUNCTION = YES;
				GCC_WARN_UNUSED_VARIABLE = YES;
				IPHONEOS_DEPLOYMENT_TARGET = 10.3;
				MTL_ENABLE_DEBUG_INFO = YES;
				ONLY_ACTIVE_ARCH = YES;
				SDKROOT = iphoneos;
				TARGETED_DEVICE_FAMILY = "1,2";
			};
			name = Debug;
		};
		5CF5480C1ECAD1C500A9FC1F /* Release */ = {
			isa = XCBuildConfiguration;
			buildSettings = {
				ALWAYS_SEARCH_USER_PATHS = NO;
				CLANG_ANALYZER_NONNULL = YES;
				CLANG_ANALYZER_NUMBER_OBJECT_CONVERSION = YES_AGGRESSIVE;
				CLANG_CXX_LANGUAGE_STANDARD = "gnu++0x";
				CLANG_CXX_LIBRARY = "libc++";
				CLANG_ENABLE_MODULES = YES;
				CLANG_ENABLE_OBJC_ARC = YES;
				CLANG_WARN_BOOL_CONVERSION = YES;
				CLANG_WARN_CONSTANT_CONVERSION = YES;
				CLANG_WARN_DIRECT_OBJC_ISA_USAGE = YES_ERROR;
				CLANG_WARN_DOCUMENTATION_COMMENTS = YES;
				CLANG_WARN_EMPTY_BODY = YES;
				CLANG_WARN_ENUM_CONVERSION = YES;
				CLANG_WARN_INFINITE_RECURSION = YES;
				CLANG_WARN_INT_CONVERSION = YES;
				CLANG_WARN_OBJC_ROOT_CLASS = YES_ERROR;
				CLANG_WARN_SUSPICIOUS_MOVE = YES;
				CLANG_WARN_UNREACHABLE_CODE = YES;
				CLANG_WARN__DUPLICATE_METHOD_MATCH = YES;
				"CODE_SIGN_IDENTITY[sdk=iphoneos*]" = "iPhone Developer";
				COPY_PHASE_STRIP = NO;
				DEBUG_INFORMATION_FORMAT = "dwarf-with-dsym";
				ENABLE_NS_ASSERTIONS = NO;
				ENABLE_STRICT_OBJC_MSGSEND = YES;
				GCC_C_LANGUAGE_STANDARD = gnu99;
				GCC_NO_COMMON_BLOCKS = YES;
				GCC_WARN_64_TO_32_BIT_CONVERSION = YES;
				GCC_WARN_ABOUT_RETURN_TYPE = YES_ERROR;
				GCC_WARN_UNDECLARED_SELECTOR = YES;
				GCC_WARN_UNINITIALIZED_AUTOS = YES_AGGRESSIVE;
				GCC_WARN_UNUSED_FUNCTION = YES;
				GCC_WARN_UNUSED_VARIABLE = YES;
				IPHONEOS_DEPLOYMENT_TARGET = 10.3;
				MTL_ENABLE_DEBUG_INFO = NO;
				SDKROOT = iphoneos;
				TARGETED_DEVICE_FAMILY = "1,2";
				VALIDATE_PRODUCT = YES;
			};
			name = Release;
		};
		5CF5480E1ECAD1C500A9FC1F /* Debug */ = {
			isa = XCBuildConfiguration;
			baseConfigurationReference = 11C3EF667D3B96D7855A084E /* Pods-Facts.debug.xcconfig */;
			buildSettings = {
				ASSETCATALOG_COMPILER_APPICON_NAME = AppIcon;
				DEVELOPMENT_TEAM = H87G9N468S;
				INFOPLIST_FILE = Facts/Info.plist;
				LD_RUNPATH_SEARCH_PATHS = "$(inherited) @executable_path/Frameworks";
				PRODUCT_BUNDLE_IDENTIFIER = com.infosys.Facts;
				PRODUCT_NAME = "$(TARGET_NAME)";
			};
			name = Debug;
		};
		5CF5480F1ECAD1C500A9FC1F /* Release */ = {
			isa = XCBuildConfiguration;
			baseConfigurationReference = 9DFB4B1E2AA9C8C357D1B434 /* Pods-Facts.release.xcconfig */;
			buildSettings = {
				ASSETCATALOG_COMPILER_APPICON_NAME = AppIcon;
				DEVELOPMENT_TEAM = H87G9N468S;
				INFOPLIST_FILE = Facts/Info.plist;
				LD_RUNPATH_SEARCH_PATHS = "$(inherited) @executable_path/Frameworks";
				PRODUCT_BUNDLE_IDENTIFIER = com.infosys.Facts;
				PRODUCT_NAME = "$(TARGET_NAME)";
			};
			name = Release;
		};
		5CF548111ECAD1C500A9FC1F /* Debug */ = {
			isa = XCBuildConfiguration;
			baseConfigurationReference = 1305EF66438B4332CEE691AC /* Pods-FactsTests.debug.xcconfig */;
			buildSettings = {
				BUNDLE_LOADER = "$(TEST_HOST)";
				DEVELOPMENT_TEAM = H87G9N468S;
				INFOPLIST_FILE = FactsTests/Info.plist;
				LD_RUNPATH_SEARCH_PATHS = "$(inherited) @executable_path/Frameworks @loader_path/Frameworks";
				PRODUCT_BUNDLE_IDENTIFIER = com.infosys.FactsTests;
				PRODUCT_NAME = "$(TARGET_NAME)";
				TEST_HOST = "$(BUILT_PRODUCTS_DIR)/Facts.app/Facts";
			};
			name = Debug;
		};
		5CF548121ECAD1C500A9FC1F /* Release */ = {
			isa = XCBuildConfiguration;
			baseConfigurationReference = 5BC8D69C76393AD88E7C668D /* Pods-FactsTests.release.xcconfig */;
			buildSettings = {
				BUNDLE_LOADER = "$(TEST_HOST)";
				DEVELOPMENT_TEAM = H87G9N468S;
				INFOPLIST_FILE = FactsTests/Info.plist;
				LD_RUNPATH_SEARCH_PATHS = "$(inherited) @executable_path/Frameworks @loader_path/Frameworks";
				PRODUCT_BUNDLE_IDENTIFIER = com.infosys.FactsTests;
				PRODUCT_NAME = "$(TARGET_NAME)";
				TEST_HOST = "$(BUILT_PRODUCTS_DIR)/Facts.app/Facts";
			};
			name = Release;
		};
/* End XCBuildConfiguration section */

/* Begin XCConfigurationList section */
		5CF547E61ECAD1C500A9FC1F /* Build configuration list for PBXProject "Facts" */ = {
			isa = XCConfigurationList;
			buildConfigurations = (
				5CF5480B1ECAD1C500A9FC1F /* Debug */,
				5CF5480C1ECAD1C500A9FC1F /* Release */,
			);
			defaultConfigurationIsVisible = 0;
			defaultConfigurationName = Release;
		};
		5CF5480D1ECAD1C500A9FC1F /* Build configuration list for PBXNativeTarget "Facts" */ = {
			isa = XCConfigurationList;
			buildConfigurations = (
				5CF5480E1ECAD1C500A9FC1F /* Debug */,
				5CF5480F1ECAD1C500A9FC1F /* Release */,
			);
			defaultConfigurationIsVisible = 0;
			defaultConfigurationName = Release;
		};
		5CF548101ECAD1C500A9FC1F /* Build configuration list for PBXNativeTarget "FactsTests" */ = {
			isa = XCConfigurationList;
			buildConfigurations = (
				5CF548111ECAD1C500A9FC1F /* Debug */,
				5CF548121ECAD1C500A9FC1F /* Release */,
			);
			defaultConfigurationIsVisible = 0;
			defaultConfigurationName = Release;
		};
/* End XCConfigurationList section */
	};
	rootObject = 5CF547E31ECAD1C500A9FC1F /* Project object */;
}
